
Microsoft Visual Studio Solution File, Format Version 12.00
# Visual Studio Version 17
VisualStudioVersion = 17.8.34330.188
MinimumVisualStudioVersion = 10.0.40219.1
Project("{FAE04EC0-301F-11D3-BF4B-00C04F79EFBC}") = "PosBookingBackEnd", "PosBookingBackEnd\PosBookingBackEnd.csproj", "{05B37DC5-A5C4-4E17-AD62-2F9D0D0EF3D6}"
EndProject
Global
	GlobalSection(SolutionConfigurationPlatforms) = preSolution
		Debug|Any CPU = Debug|Any CPU
		Release|Any CPU = Release|Any CPU
	EndGlobalSection
	GlobalSection(ProjectConfigurationPlatforms) = postSolution
		{05B37DC5-A5C4-4E17-AD62-2F9D0D0EF3D6}.Debug|Any CPU.ActiveCfg = Debug|Any CPU
		{05B37DC5-A5C4-4E17-AD62-2F9D0D0EF3D6}.Debug|Any CPU.Build.0 = Debug|Any CPU
		{05B37DC5-A5C4-4E17-AD62-2F9D0D0EF3D6}.Release|Any CPU.ActiveCfg = Release|Any CPU
		{05B37DC5-A5C4-4E17-AD62-2F9D0D0EF3D6}.Release|Any CPU.Build.0 = Release|Any CPU
	EndGlobalSection
	GlobalSection(SolutionProperties) = preSolution
		HideSolutionNode = FALSE
	EndGlobalSection
	GlobalSection(ExtensibilityGlobals) = postSolution
		SolutionGuid = {C6E6731E-1BD4-4627-8CDF-D33829B9D522}
	EndGlobalSection
EndGlobal
